
Microsoft Visual Studio Solution File, Format Version 12.00
# Visual Studio Version 17
VisualStudioVersion = 17.2.32616.157
MinimumVisualStudioVersion = 10.0.40219.1
Project("{FAE04EC0-301F-11D3-BF4B-00C04F79EFBC}") = "Satva_WebAPI", "Satva_WebAPI\Satva_WebAPI.csproj", "{916236A5-4B00-4C1C-B1BD-C3E702D0139A}"
EndProject
Global
	GlobalSection(SolutionConfigurationPlatforms) = preSolution
		Debug|Any CPU = Debug|Any CPU
		Release|Any CPU = Release|Any CPU
	EndGlobalSection
	GlobalSection(ProjectConfigurationPlatforms) = postSolution
		{916236A5-4B00-4C1C-B1BD-C3E702D0139A}.Debug|Any CPU.ActiveCfg = Debug|Any CPU
		{916236A5-4B00-4C1C-B1BD-C3E702D0139A}.Debug|Any CPU.Build.0 = Debug|Any CPU
		{916236A5-4B00-4C1C-B1BD-C3E702D0139A}.Release|Any CPU.ActiveCfg = Release|Any CPU
		{916236A5-4B00-4C1C-B1BD-C3E702D0139A}.Release|Any CPU.Build.0 = Release|Any CPU
	EndGlobalSection
	GlobalSection(SolutionProperties) = preSolution
		HideSolutionNode = FALSE
	EndGlobalSection
	GlobalSection(ExtensibilityGlobals) = postSolution
		SolutionGuid = {5DE91624-2851-4955-A491-F90ABEC4D956}
	EndGlobalSection
EndGlobal
